
Microsoft Visual Studio Solution File, Format Version 12.00
# Visual Studio Version 16
VisualStudioVersion = 16.0.29215.179
MinimumVisualStudioVersion = 10.0.40219.1
Project("{FAE04EC0-301F-11D3-BF4B-00C04F79EFBC}") = "PartyInvites", "PartyInvites\PartyInvites.csproj", "{6F46C19C-CA7A-4A14-8CE2-FF1A9E7696BA}"
EndProject
Global
	GlobalSection(SolutionConfigurationPlatforms) = preSolution
		Debug|Any CPU = Debug|Any CPU
		Release|Any CPU = Release|Any CPU
	EndGlobalSection
	GlobalSection(ProjectConfigurationPlatforms) = postSolution
		{6F46C19C-CA7A-4A14-8CE2-FF1A9E7696BA}.Debug|Any CPU.ActiveCfg = Debug|Any CPU
		{6F46C19C-CA7A-4A14-8CE2-FF1A9E7696BA}.Debug|Any CPU.Build.0 = Debug|Any CPU
		{6F46C19C-CA7A-4A14-8CE2-FF1A9E7696BA}.Release|Any CPU.ActiveCfg = Release|Any CPU
		{6F46C19C-CA7A-4A14-8CE2-FF1A9E7696BA}.Release|Any CPU.Build.0 = Release|Any CPU
	EndGlobalSection
	GlobalSection(SolutionProperties) = preSolution
		HideSolutionNode = FALSE
	EndGlobalSection
	GlobalSection(ExtensibilityGlobals) = postSolution
		SolutionGuid = {23439CC3-A066-4676-8B2F-B0B95B80084F}
	EndGlobalSection
EndGlobal
